// !$*UTF8*$!
{
	archiveVersion = 1;
	classes = {
	};
	objectVersion = 46;
	objects = {

/* Begin PBXBuildFile section */
		DB8E24841D685E1600882485 /* main.m in Sources */ = {isa = PBXBuildFile; fileRef = DB8E24831D685E1600882485 /* main.m */; };
		DB8E24871D685E1600882485 /* AppDelegate.m in Sources */ = {isa = PBXBuildFile; fileRef = DB8E24861D685E1600882485 /* AppDelegate.m */; };
		DB8E248A1D685E1600882485 /* ViewController.m in Sources */ = {isa = PBXBuildFile; fileRef = DB8E24891D685E1600882485 /* ViewController.m */; };
		DB8E248D1D685E1600882485 /* Main.storyboard in Resources */ = {isa = PBXBuildFile; fileRef = DB8E248B1D685E1600882485 /* Main.storyboard */; };
		DB8E248F1D685E1600882485 /* Assets.xcassets in Resources */ = {isa = PBXBuildFile; fileRef = DB8E248E1D685E1600882485 /* Assets.xcassets */; };
		DB8E24921D685E1600882485 /* LaunchScreen.storyboard in Resources */ = {isa = PBXBuildFile; fileRef = DB8E24901D685E1600882485 /* LaunchScreen.storyboard */; };
		DB8E24A01D685E7C00882485 /* TDButton.m in Sources */ = {isa = PBXBuildFile; fileRef = DB8E249F1D685E7C00882485 /* TDButton.m */; };
/* End PBXBuildFile section */

/* Begin PBXFileReference section */
		DB8E247F1D685E1600882485 /* TDButton.app */ = {isa = PBXFileReference; explicitFileType = wrapper.application; includeInIndex = 0; path = TDButton.app; sourceTree = BUILT_PRODUCTS_DIR; };
		DB8E24831D685E1600882485 /* main.m */ = {isa = PBXFileReference; lastKnownFileType = sourcecode.c.objc; path = main.m; sourceTree = "<group>"; };
		DB8E24851D685E1600882485 /* AppDelegate.h */ = {isa = PBXFileReference; lastKnownFileType = sourcecode.c.h; path = AppDelegate.h; sourceTree = "<group>"; };
		DB8E24861D685E1600882485 /* AppDelegate.m */ = {isa = PBXFileReference; lastKnownFileType = sourcecode.c.objc; path = AppDelegate.m; sourceTree = "<group>"; };
		DB8E24881D685E1600882485 /* ViewController.h */ = {isa = PBXFileReference; lastKnownFileType = sourcecode.c.h; path = ViewController.h; sourceTree = "<group>"; };
		DB8E24891D685E1600882485 /* ViewController.m */ = {isa = PBXFileReference; lastKnownFileType = sourcecode.c.objc; path = ViewController.m; sourceTree = "<group>"; };
		DB8E248C1D685E1600882485 /* Base */ = {isa = PBXFileReference; lastKnownFileType = file.storyboard; name = Base; path = Base.lproj/Main.storyboard; sourceTree = "<group>"; };
		DB8E248E1D685E1600882485 /* Assets.xcassets */ = {isa = PBXFileReference; lastKnownFileType = folder.assetcatalog; path = Assets.xcassets; sourceTree = "<group>"; };
		DB8E24911D685E1600882485 /* Base */ = {isa = PBXFileReference; lastKnownFileType = file.storyboard; name = Base; path = Base.lproj/LaunchScreen.storyboard; sourceTree = "<group>"; };
		DB8E24931D685E1600882485 /* Info.plist */ = {isa = PBXFileReference; lastKnownFileType = text.plist.xml; path = Info.plist; sourceTree = "<group>"; };
		DB8E249E1D685E7C00882485 /* TDButton.h */ = {isa = PBXFileReference; fileEncoding = 4; lastKnownFileType = sourcecode.c.h; path = TDButton.h; sourceTree = "<group>"; };
		DB8E249F1D685E7C00882485 /* TDButton.m */ = {isa = PBXFileReference; fileEncoding = 4; lastKnownFileType = sourcecode.c.objc; path = TDButton.m; sourceTree = "<group>"; };
/* End PBXFileReference section */

/* Begin PBXFrameworksBuildPhase section */
		DB8E247C1D685E1600882485 /* Frameworks */ = {
			isa = PBXFrameworksBuildPhase;
			buildActionMask = 2147483647;
			files = (
			);
			runOnlyForDeploymentPostprocessing = 0;
		};
/* End PBXFrameworksBuildPhase section */

/* Begin PBXGroup section */
		DB8E24761D685E1600882485 = {
			isa = PBXGroup;
			children = (
				DB8E24811D685E1600882485 /* TDButton */,
				DB8E24801D685E1600882485 /* Products */,
			);
			sourceTree = "<group>";
		};
		DB8E24801D685E1600882485 /* Products */ = {
			isa = PBXGroup;
			children = (
				DB8E247F1D685E1600882485 /* TDButton.app */,
			);
			name = Products;
			sourceTree = "<group>";
		};
		DB8E24811D685E1600882485 /* TDButton */ = {
			isa = PBXGroup;
			children = (
				DB8E249D1D685E7C00882485 /* TDButton */,
				DB8E24851D685E1600882485 /* AppDelegate.h */,
				DB8E24861D685E1600882485 /* AppDelegate.m */,
				DB8E24881D685E1600882485 /* ViewController.h */,
				DB8E24891D685E1600882485 /* ViewController.m */,
				DB8E248B1D685E1600882485 /* Main.storyboard */,
				DB8E248E1D685E1600882485 /* Assets.xcassets */,
				DB8E24901D685E1600882485 /* LaunchScreen.storyboard */,
				DB8E24931D685E1600882485 /* Info.plist */,
				DB8E24821D685E1600882485 /* Supporting Files */,
			);
			path = TDButton;
			sourceTree = "<group>";
		};
		DB8E24821D685E1600882485 /* Supporting Files */ = {
			isa = PBXGroup;
			children = (
				DB8E24831D685E1600882485 /* main.m */,
			);
			name = "Supporting Files";
			sourceTree = "<group>";
		};
		DB8E249D1D685E7C00882485 /* TDButton */ = {
			isa = PBXGroup;
			children = (
				DB8E249E1D685E7C00882485 /* TDButton.h */,
				DB8E249F1D685E7C00882485 /* TDButton.m */,
			);
			path = TDButton;
			sourceTree = "<group>";
		};
/* End PBXGroup section */

/* Begin PBXNativeTarget section */
		DB8E247E1D685E1600882485 /* TDButton */ = {
			isa = PBXNativeTarget;
			buildConfigurationList = DB8E24961D685E1600882485 /* Build configuration list for PBXNativeTarget "TDButton" */;
			buildPhases = (
				DB8E247B1D685E1600882485 /* Sources */,
				DB8E247C1D685E1600882485 /* Frameworks */,
				DB8E247D1D685E1600882485 /* Resources */,
			);
			buildRules = (
			);
			dependencies = (
			);
			name = TDButton;
			productName = TDButton;
			productReference = DB8E247F1D685E1600882485 /* TDButton.app */;
			productType = "com.apple.product-type.application";
		};
/* End PBXNativeTarget section */

/* Begin PBXProject section */
		DB8E24771D685E1600882485 /* Project object */ = {
			isa = PBXProject;
			attributes = {
				LastUpgradeCheck = 0730;
				ORGANIZATIONNAME = imtudou;
				TargetAttributes = {
					DB8E247E1D685E1600882485 = {
						CreatedOnToolsVersion = 7.3;
					};
				};
			};
			buildConfigurationList = DB8E247A1D685E1600882485 /* Build configuration list for PBXProject "TDButton" */;
			compatibilityVersion = "Xcode 3.2";
			developmentRegion = English;
			hasScannedForEncodings = 0;
			knownRegions = (
				en,
				Base,
			);
			mainGroup = DB8E24761D685E1600882485;
			productRefGroup = DB8E24801D685E1600882485 /* Products */;
			projectDirPath = "";
			projectRoot = "";
			targets = (
				DB8E247E1D685E1600882485 /* TDButton */,
			);
		};
/* End PBXProject section */

/* Begin PBXResourcesBuildPhase section */
		DB8E247D1D685E1600882485 /* Resources */ = {
			isa = PBXResourcesBuildPhase;
			buildActionMask = 2147483647;
			files = (
				DB8E24921D685E1600882485 /* LaunchScreen.storyboard in Resources */,
				DB8E248F1D685E1600882485 /* Assets.xcassets in Resources */,
				DB8E248D1D685E1600882485 /* Main.storyboard in Resources */,
			);
			runOnlyForDeploymentPostprocessing = 0;
		};
/* End PBXResourcesBuildPhase section */

/* Begin PBXSourcesBuildPhase section */
		DB8E247B1D685E1600882485 /* Sources */ = {
			isa = PBXSourcesBuildPhase;
			buildActionMask = 2147483647;
			files = (
				DB8E248A1D685E1600882485 /* ViewController.m in Sources */,
				DB8E24A01D685E7C00882485 /* TDButton.m in Sources */,
				DB8E24871D685E1600882485 /* AppDelegate.m in Sources */,
				DB8E24841D685E1600882485 /* main.m in Sources */,
			);
			runOnlyForDeploymentPostprocessing = 0;
		};
/* End PBXSourcesBuildPhase section */

/* Begin PBXVariantGroup section */
		DB8E248B1D685E1600882485 /* Main.storyboard */ = {
			isa = PBXVariantGroup;
			children = (
				DB8E248C1D685E1600882485 /* Base */,
			);
			name = Main.storyboard;
			sourceTree = "<group>";
		};
		DB8E24901D685E1600882485 /* LaunchScreen.storyboard */ = {
			isa = PBXVariantGroup;
			children = (
				DB8E24911D685E1600882485 /* Base */,
			);
			name = LaunchScreen.storyboard;
			sourceTree = "<group>";
		};
/* End PBXVariantGroup section */

/* Begin XCBuildConfiguration section */
		DB8E24941D685E1600882485 /* Debug */ = {
			isa = XCBuildConfiguration;
			buildSettings = {
				ALWAYS_SEARCH_USER_PATHS = NO;
				CLANG_ANALYZER_NONNULL = YES;
				CLANG_CXX_LANGUAGE_STANDARD = "gnu++0x";
				CLANG_CXX_LIBRARY = "libc++";
				CLANG_ENABLE_MODULES = YES;
				CLANG_ENABLE_OBJC_ARC = YES;
				CLANG_WARN_BOOL_CONVERSION = YES;
				CLANG_WARN_CONSTANT_CONVERSION = YES;
				CLANG_WARN_DIRECT_OBJC_ISA_USAGE = YES_ERROR;
				CLANG_WARN_EMPTY_BODY = YES;
				CLANG_WARN_ENUM_CONVERSION = YES;
				CLANG_WARN_INT_CONVERSION = YES;
				CLANG_WARN_OBJC_ROOT_CLASS = YES_ERROR;
				CLANG_WARN_UNREACHABLE_CODE = YES;
				CLANG_WARN__DUPLICATE_METHOD_MATCH = YES;
				"CODE_SIGN_IDENTITY[sdk=iphoneos*]" = "iPhone Developer";
				COPY_PHASE_STRIP = NO;
				DEBUG_INFORMATION_FORMAT = dwarf;
				ENABLE_STRICT_OBJC_MSGSEND = YES;
				ENABLE_TESTABILITY = YES;
				GCC_C_LANGUAGE_STANDARD = gnu99;
				GCC_DYNAMIC_NO_PIC = NO;
				GCC_NO_COMMON_BLOCKS = YES;
				GCC_OPTIMIZATION_LEVEL = 0;
				GCC_PREPROCESSOR_DEFINITIONS = (
					"DEBUG=1",
					"$(inherited)",
				);
				GCC_WARN_64_TO_32_BIT_CONVERSION = YES;
				GCC_WARN_ABOUT_RETURN_TYPE = YES_ERROR;
				GCC_WARN_UNDECLARED_SELECTOR = YES;
				GCC_WARN_UNINITIALIZED_AUTOS = YES_AGGRESSIVE;
				GCC_WARN_UNUSED_FUNCTION = YES;
				GCC_WARN_UNUSED_VARIABLE = YES;
				IPHONEOS_DEPLOYMENT_TARGET = 9.3;
				MTL_ENABLE_DEBUG_INFO = YES;
				ONLY_ACTIVE_ARCH = YES;
				SDKROOT = iphoneos;
			};
			name = Debug;
		};
		DB8E24951D685E1600882485 /* Release */ = {
			isa = XCBuildConfiguration;
			buildSettings = {
				ALWAYS_SEARCH_USER_PATHS = NO;
				CLANG_ANALYZER_NONNULL = YES;
				CLANG_CXX_LANGUAGE_STANDARD = "gnu++0x";
				CLANG_CXX_LIBRARY = "libc++";
				CLANG_ENABLE_MODULES = YES;
				CLANG_ENABLE_OBJC_ARC = YES;
				CLANG_WARN_BOOL_CONVERSION = YES;
				CLANG_WARN_CONSTANT_CONVERSION = YES;
				CLANG_WARN_DIRECT_OBJC_ISA_USAGE = YES_ERROR;
				CLANG_WARN_EMPTY_BODY = YES;
				CLANG_WARN_ENUM_CONVERSION = YES;
				CLANG_WARN_INT_CONVERSION = YES;
				CLANG_WARN_OBJC_ROOT_CLASS = YES_ERROR;
				CLANG_WARN_UNREACHABLE_CODE = YES;
				CLANG_WARN__DUPLICATE_METHOD_MATCH = YES;
				"CODE_SIGN_IDENTITY[sdk=iphoneos*]" = "iPhone Developer";
				COPY_PHASE_STRIP = NO;
				DEBUG_INFORMATION_FORMAT = "dwarf-with-dsym";
				ENABLE_NS_ASSERTIONS = NO;
				ENABLE_STRICT_OBJC_MSGSEND = YES;
				GCC_C_LANGUAGE_STANDARD = gnu99;
				GCC_NO_COMMON_BLOCKS = YES;
				GCC_WARN_64_TO_32_BIT_CONVERSION = YES;
				GCC_WARN_ABOUT_RETURN_TYPE = YES_ERROR;
				GCC_WARN_UNDECLARED_SELECTOR = YES;
				GCC_WARN_UNINITIALIZED_AUTOS = YES_AGGRESSIVE;
				GCC_WARN_UNUSED_FUNCTION = YES;
				GCC_WARN_UNUSED_VARIABLE = YES;
				IPHONEOS_DEPLOYMENT_TARGET = 9.3;
				MTL_ENABLE_DEBUG_INFO = NO;
				SDKROOT = iphoneos;
				VALIDATE_PRODUCT = YES;
			};
			name = Release;
		};
		DB8E24971D685E1600882485 /* Debug */ = {
			isa = XCBuildConfiguration;
			buildSettings = {
				ASSETCATALOG_COMPILER_APPICON_NAME = AppIcon;
				INFOPLIST_FILE = TDButton/Info.plist;
				LD_RUNPATH_SEARCH_PATHS = "$(inherited) @executable_path/Frameworks";
				PRODUCT_BUNDLE_IDENTIFIER = com.mokejie.TDButton;
				PRODUCT_NAME = "$(TARGET_NAME)";
			};
			name = Debug;
		};
		DB8E24981D685E1600882485 /* Release */ = {
			isa = XCBuildConfiguration;
			buildSettings = {
				ASSETCATALOG_COMPILER_APPICON_NAME = AppIcon;
				INFOPLIST_FILE = TDButton/Info.plist;
				LD_RUNPATH_SEARCH_PATHS = "$(inherited) @executable_path/Frameworks";
				PRODUCT_BUNDLE_IDENTIFIER = com.mokejie.TDButton;
				PRODUCT_NAME = "$(TARGET_NAME)";
			};
			name = Release;
		};
/* End XCBuildConfiguration section */

/* Begin XCConfigurationList section */
		DB8E247A1D685E1600882485 /* Build configuration list for PBXProject "TDButton" */ = {
			isa = XCConfigurationList;
			buildConfigurations = (
				DB8E24941D685E1600882485 /* Debug */,
				DB8E24951D685E1600882485 /* Release */,
			);
			defaultConfigurationIsVisible = 0;
			defaultConfigurationName = Release;
		};
		DB8E24961D685E1600882485 /* Build configuration list for PBXNativeTarget "TDButton" */ = {
			isa = XCConfigurationList;
			buildConfigurations = (
				DB8E24971D685E1600882485 /* Debug */,
				DB8E24981D685E1600882485 /* Release */,
			);
			defaultConfigurationIsVisible = 0;
		};
/* End XCConfigurationList section */
	};
	rootObject = DB8E24771D685E1600882485 /* Project object */;
}
